
Microsoft Visual Studio Solution File, Format Version 12.00
# Visual Studio Version 17
VisualStudioVersion = 17.0.31912.275
MinimumVisualStudioVersion = 10.0.40219.1
Project("{FAE04EC0-301F-11D3-BF4B-00C04F79EFBC}") = "CrudSemORM", "CrudSemORM\CrudSemORM.csproj", "{55A166F0-10B7-4E2C-B493-9ED0C354DE6A}"
EndProject
Global
	GlobalSection(SolutionConfigurationPlatforms) = preSolution
		Debug|Any CPU = Debug|Any CPU
		Release|Any CPU = Release|Any CPU
	EndGlobalSection
	GlobalSection(ProjectConfigurationPlatforms) = postSolution
		{55A166F0-10B7-4E2C-B493-9ED0C354DE6A}.Debug|Any CPU.ActiveCfg = Debug|Any CPU
		{55A166F0-10B7-4E2C-B493-9ED0C354DE6A}.Debug|Any CPU.Build.0 = Debug|Any CPU
		{55A166F0-10B7-4E2C-B493-9ED0C354DE6A}.Release|Any CPU.ActiveCfg = Release|Any CPU
		{55A166F0-10B7-4E2C-B493-9ED0C354DE6A}.Release|Any CPU.Build.0 = Release|Any CPU
	EndGlobalSection
	GlobalSection(SolutionProperties) = preSolution
		HideSolutionNode = FALSE
	EndGlobalSection
	GlobalSection(ExtensibilityGlobals) = postSolution
		SolutionGuid = {468CBD49-9F8A-4DF4-A558-B1A8F25F785A}
	EndGlobalSection
EndGlobal
